
Microsoft Visual Studio Solution File, Format Version 12.00
# Visual Studio Version 16
VisualStudioVersion = 16.0.31112.23
MinimumVisualStudioVersion = 10.0.40219.1
Project("{9A19103F-16F7-4668-BE54-9A1E7A4F7556}") = "DanielHallenbergDBLab3", "DanielHallenbergDBLab3\DanielHallenbergDBLab3.csproj", "{471386D6-387F-4A44-9A83-C6927180F81A}"
EndProject
Project("{9A19103F-16F7-4668-BE54-9A1E7A4F7556}") = "EFDtataAccessLibary", "EFDtataAccessLibary\EFDtataAccessLibary.csproj", "{666BA554-8DB6-42DC-915C-EEE75550E9A6}"
EndProject
Global
	GlobalSection(SolutionConfigurationPlatforms) = preSolution
		Debug|Any CPU = Debug|Any CPU
		Release|Any CPU = Release|Any CPU
	EndGlobalSection
	GlobalSection(ProjectConfigurationPlatforms) = postSolution
		{471386D6-387F-4A44-9A83-C6927180F81A}.Debug|Any CPU.ActiveCfg = Debug|Any CPU
		{471386D6-387F-4A44-9A83-C6927180F81A}.Debug|Any CPU.Build.0 = Debug|Any CPU
		{471386D6-387F-4A44-9A83-C6927180F81A}.Release|Any CPU.ActiveCfg = Release|Any CPU
		{471386D6-387F-4A44-9A83-C6927180F81A}.Release|Any CPU.Build.0 = Release|Any CPU
		{666BA554-8DB6-42DC-915C-EEE75550E9A6}.Debug|Any CPU.ActiveCfg = Debug|Any CPU
		{666BA554-8DB6-42DC-915C-EEE75550E9A6}.Debug|Any CPU.Build.0 = Debug|Any CPU
		{666BA554-8DB6-42DC-915C-EEE75550E9A6}.Release|Any CPU.ActiveCfg = Release|Any CPU
		{666BA554-8DB6-42DC-915C-EEE75550E9A6}.Release|Any CPU.Build.0 = Release|Any CPU
	EndGlobalSection
	GlobalSection(SolutionProperties) = preSolution
		HideSolutionNode = FALSE
	EndGlobalSection
	GlobalSection(ExtensibilityGlobals) = postSolution
		SolutionGuid = {CC0AA97F-5647-4FF4-BB2E-2F673A53C4F6}
	EndGlobalSection
EndGlobal
